
Microsoft Visual Studio Solution File, Format Version 12.00
# Visual Studio Version 16
VisualStudioVersion = 16.0.30114.105
MinimumVisualStudioVersion = 10.0.40219.1
Project("{8BC9CEB8-8B4A-11D0-8D11-00A0C91BC942}") = "ribosomesimulator", "elongation_simulators.vcxproj", "{A5AFAFF2-B132-46DA-A107-CB3EAA1A3CC0}"
EndProject
Project("{8BC9CEB8-8B4A-11D0-8D11-00A0C91BC942}") = "translation", "translation\translation.vcxproj", "{C04C3EB6-9BF9-44EB-965D-CFF0A1F8BBFB}"
EndProject
Global
	GlobalSection(SolutionConfigurationPlatforms) = preSolution
		Debug|x64 = Debug|x64
		Debug|x86 = Debug|x86
		Release|x64 = Release|x64
		Release|x86 = Release|x86
	EndGlobalSection
	GlobalSection(ProjectConfigurationPlatforms) = postSolution
		{A5AFAFF2-B132-46DA-A107-CB3EAA1A3CC0}.Debug|x64.ActiveCfg = Debug|x64
		{A5AFAFF2-B132-46DA-A107-CB3EAA1A3CC0}.Debug|x64.Build.0 = Debug|x64
		{A5AFAFF2-B132-46DA-A107-CB3EAA1A3CC0}.Debug|x86.ActiveCfg = Debug|Win32
		{A5AFAFF2-B132-46DA-A107-CB3EAA1A3CC0}.Debug|x86.Build.0 = Debug|Win32
		{A5AFAFF2-B132-46DA-A107-CB3EAA1A3CC0}.Release|x64.ActiveCfg = Release|x64
		{A5AFAFF2-B132-46DA-A107-CB3EAA1A3CC0}.Release|x64.Build.0 = Release|x64
		{A5AFAFF2-B132-46DA-A107-CB3EAA1A3CC0}.Release|x86.ActiveCfg = Release|Win32
		{A5AFAFF2-B132-46DA-A107-CB3EAA1A3CC0}.Release|x86.Build.0 = Release|Win32
		{C04C3EB6-9BF9-44EB-965D-CFF0A1F8BBFB}.Debug|x64.ActiveCfg = Debug|x64
		{C04C3EB6-9BF9-44EB-965D-CFF0A1F8BBFB}.Debug|x64.Build.0 = Debug|x64
		{C04C3EB6-9BF9-44EB-965D-CFF0A1F8BBFB}.Debug|x86.ActiveCfg = Debug|Win32
		{C04C3EB6-9BF9-44EB-965D-CFF0A1F8BBFB}.Debug|x86.Build.0 = Debug|Win32
		{C04C3EB6-9BF9-44EB-965D-CFF0A1F8BBFB}.Release|x64.ActiveCfg = Release|x64
		{C04C3EB6-9BF9-44EB-965D-CFF0A1F8BBFB}.Release|x64.Build.0 = Release|x64
		{C04C3EB6-9BF9-44EB-965D-CFF0A1F8BBFB}.Release|x86.ActiveCfg = Release|Win32
		{C04C3EB6-9BF9-44EB-965D-CFF0A1F8BBFB}.Release|x86.Build.0 = Release|Win32
	EndGlobalSection
	GlobalSection(SolutionProperties) = preSolution
		HideSolutionNode = FALSE
	EndGlobalSection
	GlobalSection(ExtensibilityGlobals) = postSolution
		SolutionGuid = {827828D9-E7A8-44CF-9FB0-767B9C2657E4}
	EndGlobalSection
EndGlobal
